
Microsoft Visual Studio Solution File, Format Version 12.00
# Visual Studio Version 17
VisualStudioVersion = 17.14.35906.104
MinimumVisualStudioVersion = 10.0.40219.1
Project("{FAE04EC0-301F-11D3-BF4B-00C04F79EFBC}") = "BookStore.API", "BookStore.API.csproj", "{D2C1A536-76E1-4C2F-BCA5-A96EAA0A45B8}"
EndProject
Project("{FAE04EC0-301F-11D3-BF4B-00C04F79EFBC}") = "BookStore.Core", "..\BookStore.Core\BookStore.Core.csproj", "{1481CC25-4E71-43E9-B340-999B002B062D}"
EndProject
Project("{FAE04EC0-301F-11D3-BF4B-00C04F79EFBC}") = "BookStore.DataAccess", "..\BookStore.DataAccess\BookStore.DataAccess.csproj", "{2F631F23-33F3-45A3-A1C2-D3A3A2667CAE}"
EndProject
Project("{FAE04EC0-301F-11D3-BF4B-00C04F79EFBC}") = "BookStore.Application", "..\BookStore.Application\BookStore.Application.csproj", "{28F9886E-1A0D-4588-85F2-09F14F4FEBC9}"
EndProject
Global
	GlobalSection(SolutionConfigurationPlatforms) = preSolution
		Debug|Any CPU = Debug|Any CPU
		Release|Any CPU = Release|Any CPU
	EndGlobalSection
	GlobalSection(ProjectConfigurationPlatforms) = postSolution
		{D2C1A536-76E1-4C2F-BCA5-A96EAA0A45B8}.Debug|Any CPU.ActiveCfg = Debug|Any CPU
		{D2C1A536-76E1-4C2F-BCA5-A96EAA0A45B8}.Debug|Any CPU.Build.0 = Debug|Any CPU
		{D2C1A536-76E1-4C2F-BCA5-A96EAA0A45B8}.Release|Any CPU.ActiveCfg = Release|Any CPU
		{D2C1A536-76E1-4C2F-BCA5-A96EAA0A45B8}.Release|Any CPU.Build.0 = Release|Any CPU
		{1481CC25-4E71-43E9-B340-999B002B062D}.Debug|Any CPU.ActiveCfg = Debug|Any CPU
		{1481CC25-4E71-43E9-B340-999B002B062D}.Debug|Any CPU.Build.0 = Debug|Any CPU
		{1481CC25-4E71-43E9-B340-999B002B062D}.Release|Any CPU.ActiveCfg = Release|Any CPU
		{1481CC25-4E71-43E9-B340-999B002B062D}.Release|Any CPU.Build.0 = Release|Any CPU
		{2F631F23-33F3-45A3-A1C2-D3A3A2667CAE}.Debug|Any CPU.ActiveCfg = Debug|Any CPU
		{2F631F23-33F3-45A3-A1C2-D3A3A2667CAE}.Debug|Any CPU.Build.0 = Debug|Any CPU
		{2F631F23-33F3-45A3-A1C2-D3A3A2667CAE}.Release|Any CPU.ActiveCfg = Release|Any CPU
		{2F631F23-33F3-45A3-A1C2-D3A3A2667CAE}.Release|Any CPU.Build.0 = Release|Any CPU
		{28F9886E-1A0D-4588-85F2-09F14F4FEBC9}.Debug|Any CPU.ActiveCfg = Debug|Any CPU
		{28F9886E-1A0D-4588-85F2-09F14F4FEBC9}.Debug|Any CPU.Build.0 = Debug|Any CPU
		{28F9886E-1A0D-4588-85F2-09F14F4FEBC9}.Release|Any CPU.ActiveCfg = Release|Any CPU
		{28F9886E-1A0D-4588-85F2-09F14F4FEBC9}.Release|Any CPU.Build.0 = Release|Any CPU
	EndGlobalSection
	GlobalSection(SolutionProperties) = preSolution
		HideSolutionNode = FALSE
	EndGlobalSection
	GlobalSection(ExtensibilityGlobals) = postSolution
		SolutionGuid = {2795B705-D648-406A-B86C-CA58688713DE}
	EndGlobalSection
EndGlobal
